
Microsoft Visual Studio Solution File, Format Version 12.00
# Visual Studio Version 17
VisualStudioVersion = 17.0.31903.59
MinimumVisualStudioVersion = 10.0.40219.1
Project("{FAE04EC0-301F-11D3-BF4B-00C04F79EFBC}") = "StylusCore.Core", "src\StylusCore.Core\StylusCore.Core.csproj", "{A1B2C3D4-E5F6-7890-ABCD-EF1234567890}"
EndProject
Project("{FAE04EC0-301F-11D3-BF4B-00C04F79EFBC}") = "StylusCore.App", "src\StylusCore.App\StylusCore.App.csproj", "{D4E5F6A7-B8C9-0123-DEF0-234567890123}"
EndProject
Project("{2150E333-8FDC-42A3-9474-1A3956D46DE8}") = "src", "src", "{827E0CD3-B72D-47B6-A68D-7590B98EB39B}"
EndProject
Project("{FAE04EC0-301F-11D3-BF4B-00C04F79EFBC}") = "StylusCore.Engine.Wpf", "src\StylusCore.Engine.Wpf\StylusCore.Engine.Wpf.csproj", "{338DEA60-9EB1-4450-8096-F2CF355E94B5}"
EndProject
Project("{FAE04EC0-301F-11D3-BF4B-00C04F79EFBC}") = "StylusCore.Infrastructure", "src\StylusCore.Infrastructure\StylusCore.Infrastructure.csproj", "{4382A92F-7FE8-47D6-A79D-983EE7A15A19}"
EndProject
Global
	GlobalSection(SolutionConfigurationPlatforms) = preSolution
		Debug|Any CPU = Debug|Any CPU
		Debug|x64 = Debug|x64
		Debug|x86 = Debug|x86
		Release|Any CPU = Release|Any CPU
		Release|x64 = Release|x64
		Release|x86 = Release|x86
	EndGlobalSection
	GlobalSection(ProjectConfigurationPlatforms) = postSolution
		{A1B2C3D4-E5F6-7890-ABCD-EF1234567890}.Debug|Any CPU.ActiveCfg = Debug|Any CPU
		{A1B2C3D4-E5F6-7890-ABCD-EF1234567890}.Debug|Any CPU.Build.0 = Debug|Any CPU
		{A1B2C3D4-E5F6-7890-ABCD-EF1234567890}.Debug|x64.ActiveCfg = Debug|Any CPU
		{A1B2C3D4-E5F6-7890-ABCD-EF1234567890}.Debug|x64.Build.0 = Debug|Any CPU
		{A1B2C3D4-E5F6-7890-ABCD-EF1234567890}.Debug|x86.ActiveCfg = Debug|Any CPU
		{A1B2C3D4-E5F6-7890-ABCD-EF1234567890}.Debug|x86.Build.0 = Debug|Any CPU
		{A1B2C3D4-E5F6-7890-ABCD-EF1234567890}.Release|Any CPU.ActiveCfg = Release|Any CPU
		{A1B2C3D4-E5F6-7890-ABCD-EF1234567890}.Release|Any CPU.Build.0 = Release|Any CPU
		{A1B2C3D4-E5F6-7890-ABCD-EF1234567890}.Release|x64.ActiveCfg = Release|Any CPU
		{A1B2C3D4-E5F6-7890-ABCD-EF1234567890}.Release|x64.Build.0 = Release|Any CPU
		{A1B2C3D4-E5F6-7890-ABCD-EF1234567890}.Release|x86.ActiveCfg = Release|Any CPU
		{A1B2C3D4-E5F6-7890-ABCD-EF1234567890}.Release|x86.Build.0 = Release|Any CPU
		{D4E5F6A7-B8C9-0123-DEF0-234567890123}.Debug|Any CPU.ActiveCfg = Debug|Any CPU
		{D4E5F6A7-B8C9-0123-DEF0-234567890123}.Debug|Any CPU.Build.0 = Debug|Any CPU
		{D4E5F6A7-B8C9-0123-DEF0-234567890123}.Debug|x64.ActiveCfg = Debug|Any CPU
		{D4E5F6A7-B8C9-0123-DEF0-234567890123}.Debug|x64.Build.0 = Debug|Any CPU
		{D4E5F6A7-B8C9-0123-DEF0-234567890123}.Debug|x86.ActiveCfg = Debug|Any CPU
		{D4E5F6A7-B8C9-0123-DEF0-234567890123}.Debug|x86.Build.0 = Debug|Any CPU
		{D4E5F6A7-B8C9-0123-DEF0-234567890123}.Release|Any CPU.ActiveCfg = Release|Any CPU
		{D4E5F6A7-B8C9-0123-DEF0-234567890123}.Release|Any CPU.Build.0 = Release|Any CPU
		{D4E5F6A7-B8C9-0123-DEF0-234567890123}.Release|x64.ActiveCfg = Release|Any CPU
		{D4E5F6A7-B8C9-0123-DEF0-234567890123}.Release|x64.Build.0 = Release|Any CPU
		{D4E5F6A7-B8C9-0123-DEF0-234567890123}.Release|x86.ActiveCfg = Release|Any CPU
		{D4E5F6A7-B8C9-0123-DEF0-234567890123}.Release|x86.Build.0 = Release|Any CPU
		{338DEA60-9EB1-4450-8096-F2CF355E94B5}.Debug|Any CPU.ActiveCfg = Debug|Any CPU
		{338DEA60-9EB1-4450-8096-F2CF355E94B5}.Debug|Any CPU.Build.0 = Debug|Any CPU
		{338DEA60-9EB1-4450-8096-F2CF355E94B5}.Debug|x64.ActiveCfg = Debug|Any CPU
		{338DEA60-9EB1-4450-8096-F2CF355E94B5}.Debug|x64.Build.0 = Debug|Any CPU
		{338DEA60-9EB1-4450-8096-F2CF355E94B5}.Debug|x86.ActiveCfg = Debug|Any CPU
		{338DEA60-9EB1-4450-8096-F2CF355E94B5}.Debug|x86.Build.0 = Debug|Any CPU
		{338DEA60-9EB1-4450-8096-F2CF355E94B5}.Release|Any CPU.ActiveCfg = Release|Any CPU
		{338DEA60-9EB1-4450-8096-F2CF355E94B5}.Release|Any CPU.Build.0 = Release|Any CPU
		{338DEA60-9EB1-4450-8096-F2CF355E94B5}.Release|x64.ActiveCfg = Release|Any CPU
		{338DEA60-9EB1-4450-8096-F2CF355E94B5}.Release|x64.Build.0 = Release|Any CPU
		{338DEA60-9EB1-4450-8096-F2CF355E94B5}.Release|x86.ActiveCfg = Release|Any CPU
		{338DEA60-9EB1-4450-8096-F2CF355E94B5}.Release|x86.Build.0 = Release|Any CPU
		{4382A92F-7FE8-47D6-A79D-983EE7A15A19}.Debug|Any CPU.ActiveCfg = Debug|Any CPU
		{4382A92F-7FE8-47D6-A79D-983EE7A15A19}.Debug|Any CPU.Build.0 = Debug|Any CPU
		{4382A92F-7FE8-47D6-A79D-983EE7A15A19}.Debug|x64.ActiveCfg = Debug|Any CPU
		{4382A92F-7FE8-47D6-A79D-983EE7A15A19}.Debug|x64.Build.0 = Debug|Any CPU
		{4382A92F-7FE8-47D6-A79D-983EE7A15A19}.Debug|x86.ActiveCfg = Debug|Any CPU
		{4382A92F-7FE8-47D6-A79D-983EE7A15A19}.Debug|x86.Build.0 = Debug|Any CPU
		{4382A92F-7FE8-47D6-A79D-983EE7A15A19}.Release|Any CPU.ActiveCfg = Release|Any CPU
		{4382A92F-7FE8-47D6-A79D-983EE7A15A19}.Release|Any CPU.Build.0 = Release|Any CPU
		{4382A92F-7FE8-47D6-A79D-983EE7A15A19}.Release|x64.ActiveCfg = Release|Any CPU
		{4382A92F-7FE8-47D6-A79D-983EE7A15A19}.Release|x64.Build.0 = Release|Any CPU
		{4382A92F-7FE8-47D6-A79D-983EE7A15A19}.Release|x86.ActiveCfg = Release|Any CPU
		{4382A92F-7FE8-47D6-A79D-983EE7A15A19}.Release|x86.Build.0 = Release|Any CPU
	EndGlobalSection
	GlobalSection(SolutionProperties) = preSolution
		HideSolutionNode = FALSE
	EndGlobalSection
	GlobalSection(NestedProjects) = preSolution
		{338DEA60-9EB1-4450-8096-F2CF355E94B5} = {827E0CD3-B72D-47B6-A68D-7590B98EB39B}
		{4382A92F-7FE8-47D6-A79D-983EE7A15A19} = {827E0CD3-B72D-47B6-A68D-7590B98EB39B}
	EndGlobalSection
EndGlobal
